
Microsoft Visual Studio Solution File, Format Version 12.00
# Visual Studio 2012
Project("{8BC9CEB8-8B4A-11D0-8D11-00A0C91BC942}") = "Day3 array reverse sumation", "Day3 array reverse sumation\Day3 array reverse sumation.vcxproj", "{61869CEC-611F-4044-A858-2DB838C5F6B6}"
EndProject
Global
	GlobalSection(SolutionConfigurationPlatforms) = preSolution
		Debug|Win32 = Debug|Win32
		Release|Win32 = Release|Win32
	EndGlobalSection
	GlobalSection(ProjectConfigurationPlatforms) = postSolution
		{61869CEC-611F-4044-A858-2DB838C5F6B6}.Debug|Win32.ActiveCfg = Debug|Win32
		{61869CEC-611F-4044-A858-2DB838C5F6B6}.Debug|Win32.Build.0 = Debug|Win32
		{61869CEC-611F-4044-A858-2DB838C5F6B6}.Release|Win32.ActiveCfg = Release|Win32
		{61869CEC-611F-4044-A858-2DB838C5F6B6}.Release|Win32.Build.0 = Release|Win32
	EndGlobalSection
	GlobalSection(SolutionProperties) = preSolution
		HideSolutionNode = FALSE
	EndGlobalSection
EndGlobal
