
Microsoft Visual Studio Solution File, Format Version 12.00
# Visual Studio 2012
Project("{8BC9CEB8-8B4A-11D0-8D11-00A0C91BC942}") = "exchange value between two variable using pointer", "exchange value between two variable using pointer\exchange value between two variable using pointer.vcxproj", "{1EC52202-7564-472B-A5C2-345C379797BC}"
EndProject
Global
	GlobalSection(SolutionConfigurationPlatforms) = preSolution
		Debug|Win32 = Debug|Win32
		Release|Win32 = Release|Win32
	EndGlobalSection
	GlobalSection(ProjectConfigurationPlatforms) = postSolution
		{1EC52202-7564-472B-A5C2-345C379797BC}.Debug|Win32.ActiveCfg = Debug|Win32
		{1EC52202-7564-472B-A5C2-345C379797BC}.Debug|Win32.Build.0 = Debug|Win32
		{1EC52202-7564-472B-A5C2-345C379797BC}.Release|Win32.ActiveCfg = Release|Win32
		{1EC52202-7564-472B-A5C2-345C379797BC}.Release|Win32.Build.0 = Release|Win32
	EndGlobalSection
	GlobalSection(SolutionProperties) = preSolution
		HideSolutionNode = FALSE
	EndGlobalSection
EndGlobal
