
Microsoft Visual Studio Solution File, Format Version 12.00
# Visual Studio 2012
Project("{8BC9CEB8-8B4A-11D0-8D11-00A0C91BC942}") = "pointer to array reverse  a array2", "pointer to array reverse  a array2\pointer to array reverse  a array2.vcxproj", "{144464D7-DFBB-474D-AEB1-421521F4E6F3}"
EndProject
Global
	GlobalSection(SolutionConfigurationPlatforms) = preSolution
		Debug|Win32 = Debug|Win32
		Release|Win32 = Release|Win32
	EndGlobalSection
	GlobalSection(ProjectConfigurationPlatforms) = postSolution
		{144464D7-DFBB-474D-AEB1-421521F4E6F3}.Debug|Win32.ActiveCfg = Debug|Win32
		{144464D7-DFBB-474D-AEB1-421521F4E6F3}.Debug|Win32.Build.0 = Debug|Win32
		{144464D7-DFBB-474D-AEB1-421521F4E6F3}.Release|Win32.ActiveCfg = Release|Win32
		{144464D7-DFBB-474D-AEB1-421521F4E6F3}.Release|Win32.Build.0 = Release|Win32
	EndGlobalSection
	GlobalSection(SolutionProperties) = preSolution
		HideSolutionNode = FALSE
	EndGlobalSection
EndGlobal
