
Microsoft Visual Studio Solution File, Format Version 12.00
# Visual Studio 2012
Project("{8BC9CEB8-8B4A-11D0-8D11-00A0C91BC942}") = "if else opertion Extra", "if else opertion Extra\if else opertion Extra.vcxproj", "{02DC40CF-E10D-4A5C-B9D8-71AE71E1270A}"
EndProject
Global
	GlobalSection(SolutionConfigurationPlatforms) = preSolution
		Debug|Win32 = Debug|Win32
		Release|Win32 = Release|Win32
	EndGlobalSection
	GlobalSection(ProjectConfigurationPlatforms) = postSolution
		{02DC40CF-E10D-4A5C-B9D8-71AE71E1270A}.Debug|Win32.ActiveCfg = Debug|Win32
		{02DC40CF-E10D-4A5C-B9D8-71AE71E1270A}.Debug|Win32.Build.0 = Debug|Win32
		{02DC40CF-E10D-4A5C-B9D8-71AE71E1270A}.Release|Win32.ActiveCfg = Release|Win32
		{02DC40CF-E10D-4A5C-B9D8-71AE71E1270A}.Release|Win32.Build.0 = Release|Win32
	EndGlobalSection
	GlobalSection(SolutionProperties) = preSolution
		HideSolutionNode = FALSE
	EndGlobalSection
EndGlobal
