
Microsoft Visual Studio Solution File, Format Version 12.00
# Visual Studio 2012
Project("{8BC9CEB8-8B4A-11D0-8D11-00A0C91BC942}") = "pointer pass by value with return", "pointer pass by value with return\pointer pass by value with return.vcxproj", "{DFF58CFF-765A-4FC1-B60A-AAE034FE079C}"
EndProject
Global
	GlobalSection(SolutionConfigurationPlatforms) = preSolution
		Debug|Win32 = Debug|Win32
		Release|Win32 = Release|Win32
	EndGlobalSection
	GlobalSection(ProjectConfigurationPlatforms) = postSolution
		{DFF58CFF-765A-4FC1-B60A-AAE034FE079C}.Debug|Win32.ActiveCfg = Debug|Win32
		{DFF58CFF-765A-4FC1-B60A-AAE034FE079C}.Debug|Win32.Build.0 = Debug|Win32
		{DFF58CFF-765A-4FC1-B60A-AAE034FE079C}.Release|Win32.ActiveCfg = Release|Win32
		{DFF58CFF-765A-4FC1-B60A-AAE034FE079C}.Release|Win32.Build.0 = Release|Win32
	EndGlobalSection
	GlobalSection(SolutionProperties) = preSolution
		HideSolutionNode = FALSE
	EndGlobalSection
EndGlobal
