
Microsoft Visual Studio Solution File, Format Version 12.00
# Visual Studio 2012
Project("{8BC9CEB8-8B4A-11D0-8D11-00A0C91BC942}") = "tempreture assinment1", "tempreture assinment1\tempreture assinment1.vcxproj", "{77F89527-CEB9-4D38-91DE-BBE304B4107E}"
EndProject
Global
	GlobalSection(SolutionConfigurationPlatforms) = preSolution
		Debug|Win32 = Debug|Win32
		Release|Win32 = Release|Win32
	EndGlobalSection
	GlobalSection(ProjectConfigurationPlatforms) = postSolution
		{77F89527-CEB9-4D38-91DE-BBE304B4107E}.Debug|Win32.ActiveCfg = Debug|Win32
		{77F89527-CEB9-4D38-91DE-BBE304B4107E}.Debug|Win32.Build.0 = Debug|Win32
		{77F89527-CEB9-4D38-91DE-BBE304B4107E}.Release|Win32.ActiveCfg = Release|Win32
		{77F89527-CEB9-4D38-91DE-BBE304B4107E}.Release|Win32.Build.0 = Release|Win32
	EndGlobalSection
	GlobalSection(SolutionProperties) = preSolution
		HideSolutionNode = FALSE
	EndGlobalSection
EndGlobal
