
Microsoft Visual Studio Solution File, Format Version 12.00
# Visual Studio 2012
Project("{8BC9CEB8-8B4A-11D0-8D11-00A0C91BC942}") = "struct HR", "struct HR\struct HR.vcxproj", "{70E0EF5E-74C5-4FF2-8096-A5BBED2A0B2B}"
EndProject
Global
	GlobalSection(SolutionConfigurationPlatforms) = preSolution
		Debug|Win32 = Debug|Win32
		Release|Win32 = Release|Win32
	EndGlobalSection
	GlobalSection(ProjectConfigurationPlatforms) = postSolution
		{70E0EF5E-74C5-4FF2-8096-A5BBED2A0B2B}.Debug|Win32.ActiveCfg = Debug|Win32
		{70E0EF5E-74C5-4FF2-8096-A5BBED2A0B2B}.Debug|Win32.Build.0 = Debug|Win32
		{70E0EF5E-74C5-4FF2-8096-A5BBED2A0B2B}.Release|Win32.ActiveCfg = Release|Win32
		{70E0EF5E-74C5-4FF2-8096-A5BBED2A0B2B}.Release|Win32.Build.0 = Release|Win32
	EndGlobalSection
	GlobalSection(SolutionProperties) = preSolution
		HideSolutionNode = FALSE
	EndGlobalSection
	GlobalSection(Performance) = preSolution
		HasPerformanceSessions = true
	EndGlobalSection
EndGlobal
