
Microsoft Visual Studio Solution File, Format Version 12.00
# Visual Studio 2012
Project("{8BC9CEB8-8B4A-11D0-8D11-00A0C91BC942}") = "arithmetic operaation", "arithmetic operaation\arithmetic operaation.vcxproj", "{27B37F7F-34AB-4DC9-85FE-8F27B0E74B9E}"
EndProject
Global
	GlobalSection(SolutionConfigurationPlatforms) = preSolution
		Debug|Win32 = Debug|Win32
		Release|Win32 = Release|Win32
	EndGlobalSection
	GlobalSection(ProjectConfigurationPlatforms) = postSolution
		{27B37F7F-34AB-4DC9-85FE-8F27B0E74B9E}.Debug|Win32.ActiveCfg = Debug|Win32
		{27B37F7F-34AB-4DC9-85FE-8F27B0E74B9E}.Debug|Win32.Build.0 = Debug|Win32
		{27B37F7F-34AB-4DC9-85FE-8F27B0E74B9E}.Release|Win32.ActiveCfg = Release|Win32
		{27B37F7F-34AB-4DC9-85FE-8F27B0E74B9E}.Release|Win32.Build.0 = Release|Win32
	EndGlobalSection
	GlobalSection(SolutionProperties) = preSolution
		HideSolutionNode = FALSE
	EndGlobalSection
EndGlobal
