
Microsoft Visual Studio Solution File, Format Version 12.00
# Visual Studio 2012
Project("{8BC9CEB8-8B4A-11D0-8D11-00A0C91BC942}") = "pointer type2", "pointer type2\pointer type2.vcxproj", "{D9D13CBB-69F8-4011-815D-3005F209A8D7}"
EndProject
Global
	GlobalSection(SolutionConfigurationPlatforms) = preSolution
		Debug|Win32 = Debug|Win32
		Release|Win32 = Release|Win32
	EndGlobalSection
	GlobalSection(ProjectConfigurationPlatforms) = postSolution
		{D9D13CBB-69F8-4011-815D-3005F209A8D7}.Debug|Win32.ActiveCfg = Debug|Win32
		{D9D13CBB-69F8-4011-815D-3005F209A8D7}.Debug|Win32.Build.0 = Debug|Win32
		{D9D13CBB-69F8-4011-815D-3005F209A8D7}.Release|Win32.ActiveCfg = Release|Win32
		{D9D13CBB-69F8-4011-815D-3005F209A8D7}.Release|Win32.Build.0 = Release|Win32
	EndGlobalSection
	GlobalSection(SolutionProperties) = preSolution
		HideSolutionNode = FALSE
	EndGlobalSection
EndGlobal
