
Microsoft Visual Studio Solution File, Format Version 12.00
# Visual Studio 2012
Project("{8BC9CEB8-8B4A-11D0-8D11-00A0C91BC942}") = "function sum of number and reverse", "function sum of number and reverse\function sum of number and reverse.vcxproj", "{2D3596CF-750D-4488-95C0-E7A3F4E3F719}"
EndProject
Global
	GlobalSection(SolutionConfigurationPlatforms) = preSolution
		Debug|Win32 = Debug|Win32
		Release|Win32 = Release|Win32
	EndGlobalSection
	GlobalSection(ProjectConfigurationPlatforms) = postSolution
		{2D3596CF-750D-4488-95C0-E7A3F4E3F719}.Debug|Win32.ActiveCfg = Debug|Win32
		{2D3596CF-750D-4488-95C0-E7A3F4E3F719}.Debug|Win32.Build.0 = Debug|Win32
		{2D3596CF-750D-4488-95C0-E7A3F4E3F719}.Release|Win32.ActiveCfg = Release|Win32
		{2D3596CF-750D-4488-95C0-E7A3F4E3F719}.Release|Win32.Build.0 = Release|Win32
	EndGlobalSection
	GlobalSection(SolutionProperties) = preSolution
		HideSolutionNode = FALSE
	EndGlobalSection
EndGlobal
