
Microsoft Visual Studio Solution File, Format Version 12.00
# Visual Studio 2012
Project("{8BC9CEB8-8B4A-11D0-8D11-00A0C91BC942}") = "palindrome with for", "palindrome with for\palindrome with for.vcxproj", "{D97FF56E-E270-4A4F-BB38-D8297B5B68CD}"
EndProject
Global
	GlobalSection(SolutionConfigurationPlatforms) = preSolution
		Debug|Win32 = Debug|Win32
		Release|Win32 = Release|Win32
	EndGlobalSection
	GlobalSection(ProjectConfigurationPlatforms) = postSolution
		{D97FF56E-E270-4A4F-BB38-D8297B5B68CD}.Debug|Win32.ActiveCfg = Debug|Win32
		{D97FF56E-E270-4A4F-BB38-D8297B5B68CD}.Debug|Win32.Build.0 = Debug|Win32
		{D97FF56E-E270-4A4F-BB38-D8297B5B68CD}.Release|Win32.ActiveCfg = Release|Win32
		{D97FF56E-E270-4A4F-BB38-D8297B5B68CD}.Release|Win32.Build.0 = Release|Win32
	EndGlobalSection
	GlobalSection(SolutionProperties) = preSolution
		HideSolutionNode = FALSE
	EndGlobalSection
EndGlobal
